
Microsoft Visual Studio Solution File, Format Version 12.00
# Visual Studio Version 16
VisualStudioVersion = 16.0.31112.23
MinimumVisualStudioVersion = 10.0.40219.1
Project("{D954291E-2A0B-460D-934E-DC6B0785DB48}") = "TestApp1.Shared", "TestApp1\TestApp1.Shared\TestApp1.Shared.shproj", "{6279C845-92F8-4333-AB99-3D213163593C}"
EndProject
Project("{2150E333-8FDC-42A3-9474-1A3956D46DE8}") = "Platforms", "Platforms", "{DFC0FFC7-F0BE-42CF-810D-8477C713C108}"
EndProject
Project("{FAE04EC0-301F-11D3-BF4B-00C04F79EFBC}") = "TestApp1.Droid", "TestApp1\TestApp1.Droid\TestApp1.Droid.csproj", "{32B859B5-A36C-44FE-B5B7-79D6B12A2C8C}"
EndProject
Project("{FAE04EC0-301F-11D3-BF4B-00C04F79EFBC}") = "TestApp1.iOS", "TestApp1\TestApp1.iOS\TestApp1.iOS.csproj", "{233FACD3-B386-479D-8657-11C5FB10040E}"
EndProject
Project("{FAE04EC0-301F-11D3-BF4B-00C04F79EFBC}") = "TestApp1.UWP", "TestApp1\TestApp1.UWP\TestApp1.UWP.csproj", "{42A8D0CA-B195-4FAF-8629-810E3ABE596C}"
EndProject
Project("{FAE04EC0-301F-11D3-BF4B-00C04F79EFBC}") = "TestApp1.Wasm", "TestApp1\TestApp1.Wasm\TestApp1.Wasm.csproj", "{5D4D7472-BAAC-425A-8908-B0328CF79A32}"
EndProject
Project("{FAE04EC0-301F-11D3-BF4B-00C04F79EFBC}") = "TestApp1.macOS", "TestApp1\TestApp1.macOS\TestApp1.macOS.csproj", "{4C511220-5146-433C-8344-3C0124FE6431}"
EndProject
Project("{FAE04EC0-301F-11D3-BF4B-00C04F79EFBC}") = "TestApp1.Skia.Wpf.Host", "TestApp1\TestApp1.Skia.Wpf.Host\TestApp1.Skia.Wpf.Host.csproj", "{7650FE96-55B9-4500-8FAE-A52FD9051B0D}"
EndProject
Project("{FAE04EC0-301F-11D3-BF4B-00C04F79EFBC}") = "TestApp1.Skia.Wpf", "TestApp1\TestApp1.Skia.Wpf\TestApp1.Skia.Wpf.csproj", "{06A2A19D-FF02-412F-B2A3-95C668AABE5E}"
EndProject
Project("{FAE04EC0-301F-11D3-BF4B-00C04F79EFBC}") = "TestApp1.Skia.Gtk", "TestApp1\TestApp1.Skia.Gtk\TestApp1.Skia.Gtk.csproj", "{644C1553-CE1A-468A-9EA9-D0A7F503D8BD}"
EndProject
Project("{FAE04EC0-301F-11D3-BF4B-00C04F79EFBC}") = "TestApp1.Skia.Tizen", "TestApp1\TestApp1.Skia.Tizen\TestApp1.Skia.Tizen.csproj", "{9CA0A9DB-6D60-4369-93CD-A0D8E286414D}"
EndProject
Global
	GlobalSection(SharedMSBuildProjectFiles) = preSolution
		TestApp1\TestApp1.Shared\TestApp1.Shared.projitems*{06a2a19d-ff02-412f-b2a3-95c668aabe5e}*SharedItemsImports = 5
		TestApp1\TestApp1.Shared\TestApp1.Shared.projitems*{233facd3-b386-479d-8657-11c5fb10040e}*SharedItemsImports = 4
		TestApp1\TestApp1.Shared\TestApp1.Shared.projitems*{32b859b5-a36c-44fe-b5b7-79d6b12a2c8c}*SharedItemsImports = 4
		TestApp1\TestApp1.Shared\TestApp1.Shared.projitems*{42a8d0ca-b195-4faf-8629-810e3abe596c}*SharedItemsImports = 4
		TestApp1\TestApp1.Shared\TestApp1.Shared.projitems*{4c511220-5146-433c-8344-3c0124fe6431}*SharedItemsImports = 4
		TestApp1\TestApp1.Shared\TestApp1.Shared.projitems*{5d4d7472-baac-425a-8908-b0328cf79a32}*SharedItemsImports = 5
		TestApp1\TestApp1.Shared\TestApp1.Shared.projitems*{6279c845-92f8-4333-ab99-3d213163593c}*SharedItemsImports = 13
		TestApp1\TestApp1.Shared\TestApp1.Shared.projitems*{644c1553-ce1a-468a-9ea9-d0a7f503d8bd}*SharedItemsImports = 5
		TestApp1\TestApp1.Shared\TestApp1.Shared.projitems*{9ca0a9db-6d60-4369-93cd-a0d8e286414d}*SharedItemsImports = 5
	EndGlobalSection
	GlobalSection(SolutionConfigurationPlatforms) = preSolution
		Ad-Hoc|Any CPU = Ad-Hoc|Any CPU
		Ad-Hoc|ARM = Ad-Hoc|ARM
		Ad-Hoc|ARM64 = Ad-Hoc|ARM64
		Ad-Hoc|iPhone = Ad-Hoc|iPhone
		Ad-Hoc|iPhoneSimulator = Ad-Hoc|iPhoneSimulator
		Ad-Hoc|x64 = Ad-Hoc|x64
		Ad-Hoc|x86 = Ad-Hoc|x86
		AppStore|Any CPU = AppStore|Any CPU
		AppStore|ARM = AppStore|ARM
		AppStore|ARM64 = AppStore|ARM64
		AppStore|iPhone = AppStore|iPhone
		AppStore|iPhoneSimulator = AppStore|iPhoneSimulator
		AppStore|x64 = AppStore|x64
		AppStore|x86 = AppStore|x86
		Debug|Any CPU = Debug|Any CPU
		Debug|ARM = Debug|ARM
		Debug|ARM64 = Debug|ARM64
		Debug|iPhone = Debug|iPhone
		Debug|iPhoneSimulator = Debug|iPhoneSimulator
		Debug|x64 = Debug|x64
		Debug|x86 = Debug|x86
		Release|Any CPU = Release|Any CPU
		Release|ARM = Release|ARM
		Release|ARM64 = Release|ARM64
		Release|iPhone = Release|iPhone
		Release|iPhoneSimulator = Release|iPhoneSimulator
		Release|x64 = Release|x64
		Release|x86 = Release|x86
	EndGlobalSection
	GlobalSection(ProjectConfigurationPlatforms) = postSolution
		{32B859B5-A36C-44FE-B5B7-79D6B12A2C8C}.Ad-Hoc|Any CPU.ActiveCfg = Debug|Any CPU
		{32B859B5-A36C-44FE-B5B7-79D6B12A2C8C}.Ad-Hoc|Any CPU.Build.0 = Debug|Any CPU
		{32B859B5-A36C-44FE-B5B7-79D6B12A2C8C}.Ad-Hoc|Any CPU.Deploy.0 = Debug|Any CPU
		{32B859B5-A36C-44FE-B5B7-79D6B12A2C8C}.Ad-Hoc|ARM.ActiveCfg = Debug|Any CPU
		{32B859B5-A36C-44FE-B5B7-79D6B12A2C8C}.Ad-Hoc|ARM.Build.0 = Debug|Any CPU
		{32B859B5-A36C-44FE-B5B7-79D6B12A2C8C}.Ad-Hoc|ARM.Deploy.0 = Debug|Any CPU
		{32B859B5-A36C-44FE-B5B7-79D6B12A2C8C}.Ad-Hoc|ARM64.ActiveCfg = Debug|Any CPU
		{32B859B5-A36C-44FE-B5B7-79D6B12A2C8C}.Ad-Hoc|ARM64.Build.0 = Debug|Any CPU
		{32B859B5-A36C-44FE-B5B7-79D6B12A2C8C}.Ad-Hoc|ARM64.Deploy.0 = Debug|Any CPU
		{32B859B5-A36C-44FE-B5B7-79D6B12A2C8C}.Ad-Hoc|iPhone.ActiveCfg = Debug|Any CPU
		{32B859B5-A36C-44FE-B5B7-79D6B12A2C8C}.Ad-Hoc|iPhone.Build.0 = Debug|Any CPU
		{32B859B5-A36C-44FE-B5B7-79D6B12A2C8C}.Ad-Hoc|iPhone.Deploy.0 = Debug|Any CPU
		{32B859B5-A36C-44FE-B5B7-79D6B12A2C8C}.Ad-Hoc|iPhoneSimulator.ActiveCfg = Debug|Any CPU
		{32B859B5-A36C-44FE-B5B7-79D6B12A2C8C}.Ad-Hoc|iPhoneSimulator.Build.0 = Debug|Any CPU
		{32B859B5-A36C-44FE-B5B7-79D6B12A2C8C}.Ad-Hoc|iPhoneSimulator.Deploy.0 = Debug|Any CPU
		{32B859B5-A36C-44FE-B5B7-79D6B12A2C8C}.Ad-Hoc|x64.ActiveCfg = Debug|Any CPU
		{32B859B5-A36C-44FE-B5B7-79D6B12A2C8C}.Ad-Hoc|x64.Build.0 = Debug|Any CPU
		{32B859B5-A36C-44FE-B5B7-79D6B12A2C8C}.Ad-Hoc|x64.Deploy.0 = Debug|Any CPU
		{32B859B5-A36C-44FE-B5B7-79D6B12A2C8C}.Ad-Hoc|x86.ActiveCfg = Debug|Any CPU
		{32B859B5-A36C-44FE-B5B7-79D6B12A2C8C}.Ad-Hoc|x86.Build.0 = Debug|Any CPU
		{32B859B5-A36C-44FE-B5B7-79D6B12A2C8C}.Ad-Hoc|x86.Deploy.0 = Debug|Any CPU
		{32B859B5-A36C-44FE-B5B7-79D6B12A2C8C}.AppStore|Any CPU.ActiveCfg = Debug|Any CPU
		{32B859B5-A36C-44FE-B5B7-79D6B12A2C8C}.AppStore|Any CPU.Build.0 = Debug|Any CPU
		{32B859B5-A36C-44FE-B5B7-79D6B12A2C8C}.AppStore|Any CPU.Deploy.0 = Debug|Any CPU
		{32B859B5-A36C-44FE-B5B7-79D6B12A2C8C}.AppStore|ARM.ActiveCfg = Debug|Any CPU
		{32B859B5-A36C-44FE-B5B7-79D6B12A2C8C}.AppStore|ARM.Build.0 = Debug|Any CPU
		{32B859B5-A36C-44FE-B5B7-79D6B12A2C8C}.AppStore|ARM.Deploy.0 = Debug|Any CPU
		{32B859B5-A36C-44FE-B5B7-79D6B12A2C8C}.AppStore|ARM64.ActiveCfg = Debug|Any CPU
		{32B859B5-A36C-44FE-B5B7-79D6B12A2C8C}.AppStore|ARM64.Build.0 = Debug|Any CPU
		{32B859B5-A36C-44FE-B5B7-79D6B12A2C8C}.AppStore|ARM64.Deploy.0 = Debug|Any CPU
		{32B859B5-A36C-44FE-B5B7-79D6B12A2C8C}.AppStore|iPhone.ActiveCfg = Debug|Any CPU
		{32B859B5-A36C-44FE-B5B7-79D6B12A2C8C}.AppStore|iPhone.Build.0 = Debug|Any CPU
		{32B859B5-A36C-44FE-B5B7-79D6B12A2C8C}.AppStore|iPhone.Deploy.0 = Debug|Any CPU
		{32B859B5-A36C-44FE-B5B7-79D6B12A2C8C}.AppStore|iPhoneSimulator.ActiveCfg = Debug|Any CPU
		{32B859B5-A36C-44FE-B5B7-79D6B12A2C8C}.AppStore|iPhoneSimulator.Build.0 = Debug|Any CPU
		{32B859B5-A36C-44FE-B5B7-79D6B12A2C8C}.AppStore|iPhoneSimulator.Deploy.0 = Debug|Any CPU
		{32B859B5-A36C-44FE-B5B7-79D6B12A2C8C}.AppStore|x64.ActiveCfg = Debug|Any CPU
		{32B859B5-A36C-44FE-B5B7-79D6B12A2C8C}.AppStore|x64.Build.0 = Debug|Any CPU
		{32B859B5-A36C-44FE-B5B7-79D6B12A2C8C}.AppStore|x64.Deploy.0 = Debug|Any CPU
		{32B859B5-A36C-44FE-B5B7-79D6B12A2C8C}.AppStore|x86.ActiveCfg = Debug|Any CPU
		{32B859B5-A36C-44FE-B5B7-79D6B12A2C8C}.AppStore|x86.Build.0 = Debug|Any CPU
		{32B859B5-A36C-44FE-B5B7-79D6B12A2C8C}.AppStore|x86.Deploy.0 = Debug|Any CPU
		{32B859B5-A36C-44FE-B5B7-79D6B12A2C8C}.Debug|Any CPU.ActiveCfg = Debug|Any CPU
		{32B859B5-A36C-44FE-B5B7-79D6B12A2C8C}.Debug|Any CPU.Build.0 = Debug|Any CPU
		{32B859B5-A36C-44FE-B5B7-79D6B12A2C8C}.Debug|Any CPU.Deploy.0 = Debug|Any CPU
		{32B859B5-A36C-44FE-B5B7-79D6B12A2C8C}.Debug|ARM.ActiveCfg = Debug|Any CPU
		{32B859B5-A36C-44FE-B5B7-79D6B12A2C8C}.Debug|ARM.Build.0 = Debug|Any CPU
		{32B859B5-A36C-44FE-B5B7-79D6B12A2C8C}.Debug|ARM.Deploy.0 = Debug|Any CPU
		{32B859B5-A36C-44FE-B5B7-79D6B12A2C8C}.Debug|ARM64.ActiveCfg = Debug|Any CPU
		{32B859B5-A36C-44FE-B5B7-79D6B12A2C8C}.Debug|ARM64.Build.0 = Debug|Any CPU
		{32B859B5-A36C-44FE-B5B7-79D6B12A2C8C}.Debug|ARM64.Deploy.0 = Debug|Any CPU
		{32B859B5-A36C-44FE-B5B7-79D6B12A2C8C}.Debug|iPhone.ActiveCfg = Debug|Any CPU
		{32B859B5-A36C-44FE-B5B7-79D6B12A2C8C}.Debug|iPhone.Build.0 = Debug|Any CPU
		{32B859B5-A36C-44FE-B5B7-79D6B12A2C8C}.Debug|iPhone.Deploy.0 = Debug|Any CPU
		{32B859B5-A36C-44FE-B5B7-79D6B12A2C8C}.Debug|iPhoneSimulator.ActiveCfg = Debug|Any CPU
		{32B859B5-A36C-44FE-B5B7-79D6B12A2C8C}.Debug|iPhoneSimulator.Build.0 = Debug|Any CPU
		{32B859B5-A36C-44FE-B5B7-79D6B12A2C8C}.Debug|iPhoneSimulator.Deploy.0 = Debug|Any CPU
		{32B859B5-A36C-44FE-B5B7-79D6B12A2C8C}.Debug|x64.ActiveCfg = Debug|Any CPU
		{32B859B5-A36C-44FE-B5B7-79D6B12A2C8C}.Debug|x64.Build.0 = Debug|Any CPU
		{32B859B5-A36C-44FE-B5B7-79D6B12A2C8C}.Debug|x64.Deploy.0 = Debug|Any CPU
		{32B859B5-A36C-44FE-B5B7-79D6B12A2C8C}.Debug|x86.ActiveCfg = Debug|Any CPU
		{32B859B5-A36C-44FE-B5B7-79D6B12A2C8C}.Debug|x86.Build.0 = Debug|Any CPU
		{32B859B5-A36C-44FE-B5B7-79D6B12A2C8C}.Debug|x86.Deploy.0 = Debug|Any CPU
		{32B859B5-A36C-44FE-B5B7-79D6B12A2C8C}.Release|Any CPU.ActiveCfg = Release|Any CPU
		{32B859B5-A36C-44FE-B5B7-79D6B12A2C8C}.Release|Any CPU.Build.0 = Release|Any CPU
		{32B859B5-A36C-44FE-B5B7-79D6B12A2C8C}.Release|Any CPU.Deploy.0 = Release|Any CPU
		{32B859B5-A36C-44FE-B5B7-79D6B12A2C8C}.Release|ARM.ActiveCfg = Release|Any CPU
		{32B859B5-A36C-44FE-B5B7-79D6B12A2C8C}.Release|ARM.Build.0 = Release|Any CPU
		{32B859B5-A36C-44FE-B5B7-79D6B12A2C8C}.Release|ARM.Deploy.0 = Release|Any CPU
		{32B859B5-A36C-44FE-B5B7-79D6B12A2C8C}.Release|ARM64.ActiveCfg = Release|Any CPU
		{32B859B5-A36C-44FE-B5B7-79D6B12A2C8C}.Release|ARM64.Build.0 = Release|Any CPU
		{32B859B5-A36C-44FE-B5B7-79D6B12A2C8C}.Release|ARM64.Deploy.0 = Release|Any CPU
		{32B859B5-A36C-44FE-B5B7-79D6B12A2C8C}.Release|iPhone.ActiveCfg = Release|Any CPU
		{32B859B5-A36C-44FE-B5B7-79D6B12A2C8C}.Release|iPhone.Build.0 = Release|Any CPU
		{32B859B5-A36C-44FE-B5B7-79D6B12A2C8C}.Release|iPhone.Deploy.0 = Release|Any CPU
		{32B859B5-A36C-44FE-B5B7-79D6B12A2C8C}.Release|iPhoneSimulator.ActiveCfg = Release|Any CPU
		{32B859B5-A36C-44FE-B5B7-79D6B12A2C8C}.Release|iPhoneSimulator.Build.0 = Release|Any CPU
		{32B859B5-A36C-44FE-B5B7-79D6B12A2C8C}.Release|iPhoneSimulator.Deploy.0 = Release|Any CPU
		{32B859B5-A36C-44FE-B5B7-79D6B12A2C8C}.Release|x64.ActiveCfg = Release|Any CPU
		{32B859B5-A36C-44FE-B5B7-79D6B12A2C8C}.Release|x64.Build.0 = Release|Any CPU
		{32B859B5-A36C-44FE-B5B7-79D6B12A2C8C}.Release|x64.Deploy.0 = Release|Any CPU
		{32B859B5-A36C-44FE-B5B7-79D6B12A2C8C}.Release|x86.ActiveCfg = Release|Any CPU
		{32B859B5-A36C-44FE-B5B7-79D6B12A2C8C}.Release|x86.Build.0 = Release|Any CPU
		{32B859B5-A36C-44FE-B5B7-79D6B12A2C8C}.Release|x86.Deploy.0 = Release|Any CPU
		{233FACD3-B386-479D-8657-11C5FB10040E}.Ad-Hoc|Any CPU.ActiveCfg = Ad-Hoc|iPhoneSimulator
		{233FACD3-B386-479D-8657-11C5FB10040E}.Ad-Hoc|ARM.ActiveCfg = Ad-Hoc|iPhoneSimulator
		{233FACD3-B386-479D-8657-11C5FB10040E}.Ad-Hoc|ARM64.ActiveCfg = Ad-Hoc|iPhoneSimulator
		{233FACD3-B386-479D-8657-11C5FB10040E}.Ad-Hoc|iPhone.ActiveCfg = Ad-Hoc|iPhone
		{233FACD3-B386-479D-8657-11C5FB10040E}.Ad-Hoc|iPhone.Build.0 = Ad-Hoc|iPhone
		{233FACD3-B386-479D-8657-11C5FB10040E}.Ad-Hoc|iPhoneSimulator.ActiveCfg = Ad-Hoc|iPhoneSimulator
		{233FACD3-B386-479D-8657-11C5FB10040E}.Ad-Hoc|iPhoneSimulator.Build.0 = Ad-Hoc|iPhoneSimulator
		{233FACD3-B386-479D-8657-11C5FB10040E}.Ad-Hoc|x64.ActiveCfg = Ad-Hoc|iPhoneSimulator
		{233FACD3-B386-479D-8657-11C5FB10040E}.Ad-Hoc|x86.ActiveCfg = Ad-Hoc|iPhoneSimulator
		{233FACD3-B386-479D-8657-11C5FB10040E}.AppStore|Any CPU.ActiveCfg = AppStore|iPhoneSimulator
		{233FACD3-B386-479D-8657-11C5FB10040E}.AppStore|ARM.ActiveCfg = AppStore|iPhoneSimulator
		{233FACD3-B386-479D-8657-11C5FB10040E}.AppStore|ARM64.ActiveCfg = AppStore|iPhoneSimulator
		{233FACD3-B386-479D-8657-11C5FB10040E}.AppStore|iPhone.ActiveCfg = AppStore|iPhone
		{233FACD3-B386-479D-8657-11C5FB10040E}.AppStore|iPhone.Build.0 = AppStore|iPhone
		{233FACD3-B386-479D-8657-11C5FB10040E}.AppStore|iPhoneSimulator.ActiveCfg = AppStore|iPhoneSimulator
		{233FACD3-B386-479D-8657-11C5FB10040E}.AppStore|iPhoneSimulator.Build.0 = AppStore|iPhoneSimulator
		{233FACD3-B386-479D-8657-11C5FB10040E}.AppStore|x64.ActiveCfg = AppStore|iPhoneSimulator
		{233FACD3-B386-479D-8657-11C5FB10040E}.AppStore|x86.ActiveCfg = AppStore|iPhoneSimulator
		{233FACD3-B386-479D-8657-11C5FB10040E}.Debug|Any CPU.ActiveCfg = Debug|iPhoneSimulator
		{233FACD3-B386-479D-8657-11C5FB10040E}.Debug|ARM.ActiveCfg = Debug|iPhoneSimulator
		{233FACD3-B386-479D-8657-11C5FB10040E}.Debug|ARM64.ActiveCfg = Debug|iPhoneSimulator
		{233FACD3-B386-479D-8657-11C5FB10040E}.Debug|iPhone.ActiveCfg = Debug|iPhone
		{233FACD3-B386-479D-8657-11C5FB10040E}.Debug|iPhone.Build.0 = Debug|iPhone
		{233FACD3-B386-479D-8657-11C5FB10040E}.Debug|iPhoneSimulator.ActiveCfg = Debug|iPhoneSimulator
		{233FACD3-B386-479D-8657-11C5FB10040E}.Debug|iPhoneSimulator.Build.0 = Debug|iPhoneSimulator
		{233FACD3-B386-479D-8657-11C5FB10040E}.Debug|x64.ActiveCfg = Debug|iPhoneSimulator
		{233FACD3-B386-479D-8657-11C5FB10040E}.Debug|x86.ActiveCfg = Debug|iPhoneSimulator
		{233FACD3-B386-479D-8657-11C5FB10040E}.Release|Any CPU.ActiveCfg = Release|iPhoneSimulator
		{233FACD3-B386-479D-8657-11C5FB10040E}.Release|ARM.ActiveCfg = Release|iPhoneSimulator
		{233FACD3-B386-479D-8657-11C5FB10040E}.Release|ARM64.ActiveCfg = Release|iPhoneSimulator
		{233FACD3-B386-479D-8657-11C5FB10040E}.Release|iPhone.ActiveCfg = Release|iPhone
		{233FACD3-B386-479D-8657-11C5FB10040E}.Release|iPhone.Build.0 = Release|iPhone
		{233FACD3-B386-479D-8657-11C5FB10040E}.Release|iPhoneSimulator.ActiveCfg = Release|iPhoneSimulator
		{233FACD3-B386-479D-8657-11C5FB10040E}.Release|iPhoneSimulator.Build.0 = Release|iPhoneSimulator
		{233FACD3-B386-479D-8657-11C5FB10040E}.Release|x64.ActiveCfg = Release|iPhoneSimulator
		{233FACD3-B386-479D-8657-11C5FB10040E}.Release|x86.ActiveCfg = Release|iPhoneSimulator
		{42A8D0CA-B195-4FAF-8629-810E3ABE596C}.Ad-Hoc|Any CPU.ActiveCfg = Debug|x86
		{42A8D0CA-B195-4FAF-8629-810E3ABE596C}.Ad-Hoc|Any CPU.Build.0 = Debug|x86
		{42A8D0CA-B195-4FAF-8629-810E3ABE596C}.Ad-Hoc|Any CPU.Deploy.0 = Debug|x86
		{42A8D0CA-B195-4FAF-8629-810E3ABE596C}.Ad-Hoc|ARM.ActiveCfg = Debug|ARM
		{42A8D0CA-B195-4FAF-8629-810E3ABE596C}.Ad-Hoc|ARM.Build.0 = Debug|ARM
		{42A8D0CA-B195-4FAF-8629-810E3ABE596C}.Ad-Hoc|ARM.Deploy.0 = Debug|ARM
		{42A8D0CA-B195-4FAF-8629-810E3ABE596C}.Ad-Hoc|ARM64.ActiveCfg = Debug|ARM64
		{42A8D0CA-B195-4FAF-8629-810E3ABE596C}.Ad-Hoc|ARM64.Build.0 = Debug|ARM64
		{42A8D0CA-B195-4FAF-8629-810E3ABE596C}.Ad-Hoc|ARM64.Deploy.0 = Debug|ARM64
		{42A8D0CA-B195-4FAF-8629-810E3ABE596C}.Ad-Hoc|iPhone.ActiveCfg = Debug|x86
		{42A8D0CA-B195-4FAF-8629-810E3ABE596C}.Ad-Hoc|iPhone.Build.0 = Debug|x86
		{42A8D0CA-B195-4FAF-8629-810E3ABE596C}.Ad-Hoc|iPhone.Deploy.0 = Debug|x86
		{42A8D0CA-B195-4FAF-8629-810E3ABE596C}.Ad-Hoc|iPhoneSimulator.ActiveCfg = Debug|x86
		{42A8D0CA-B195-4FAF-8629-810E3ABE596C}.Ad-Hoc|iPhoneSimulator.Build.0 = Debug|x86
		{42A8D0CA-B195-4FAF-8629-810E3ABE596C}.Ad-Hoc|iPhoneSimulator.Deploy.0 = Debug|x86
		{42A8D0CA-B195-4FAF-8629-810E3ABE596C}.Ad-Hoc|x64.ActiveCfg = Debug|x64
		{42A8D0CA-B195-4FAF-8629-810E3ABE596C}.Ad-Hoc|x64.Build.0 = Debug|x64
		{42A8D0CA-B195-4FAF-8629-810E3ABE596C}.Ad-Hoc|x64.Deploy.0 = Debug|x64
		{42A8D0CA-B195-4FAF-8629-810E3ABE596C}.Ad-Hoc|x86.ActiveCfg = Debug|x86
		{42A8D0CA-B195-4FAF-8629-810E3ABE596C}.Ad-Hoc|x86.Build.0 = Debug|x86
		{42A8D0CA-B195-4FAF-8629-810E3ABE596C}.Ad-Hoc|x86.Deploy.0 = Debug|x86
		{42A8D0CA-B195-4FAF-8629-810E3ABE596C}.AppStore|Any CPU.ActiveCfg = Debug|x86
		{42A8D0CA-B195-4FAF-8629-810E3ABE596C}.AppStore|Any CPU.Build.0 = Debug|x86
		{42A8D0CA-B195-4FAF-8629-810E3ABE596C}.AppStore|Any CPU.Deploy.0 = Debug|x86
		{42A8D0CA-B195-4FAF-8629-810E3ABE596C}.AppStore|ARM.ActiveCfg = Debug|ARM
		{42A8D0CA-B195-4FAF-8629-810E3ABE596C}.AppStore|ARM.Build.0 = Debug|ARM
		{42A8D0CA-B195-4FAF-8629-810E3ABE596C}.AppStore|ARM.Deploy.0 = Debug|ARM
		{42A8D0CA-B195-4FAF-8629-810E3ABE596C}.AppStore|ARM64.ActiveCfg = Debug|ARM64
		{42A8D0CA-B195-4FAF-8629-810E3ABE596C}.AppStore|ARM64.Build.0 = Debug|ARM64
		{42A8D0CA-B195-4FAF-8629-810E3ABE596C}.AppStore|ARM64.Deploy.0 = Debug|ARM64
		{42A8D0CA-B195-4FAF-8629-810E3ABE596C}.AppStore|iPhone.ActiveCfg = Debug|x86
		{42A8D0CA-B195-4FAF-8629-810E3ABE596C}.AppStore|iPhone.Build.0 = Debug|x86
		{42A8D0CA-B195-4FAF-8629-810E3ABE596C}.AppStore|iPhone.Deploy.0 = Debug|x86
		{42A8D0CA-B195-4FAF-8629-810E3ABE596C}.AppStore|iPhoneSimulator.ActiveCfg = Debug|x86
		{42A8D0CA-B195-4FAF-8629-810E3ABE596C}.AppStore|iPhoneSimulator.Build.0 = Debug|x86
		{42A8D0CA-B195-4FAF-8629-810E3ABE596C}.AppStore|iPhoneSimulator.Deploy.0 = Debug|x86
		{42A8D0CA-B195-4FAF-8629-810E3ABE596C}.AppStore|x64.ActiveCfg = Debug|x64
		{42A8D0CA-B195-4FAF-8629-810E3ABE596C}.AppStore|x64.Build.0 = Debug|x64
		{42A8D0CA-B195-4FAF-8629-810E3ABE596C}.AppStore|x64.Deploy.0 = Debug|x64
		{42A8D0CA-B195-4FAF-8629-810E3ABE596C}.AppStore|x86.ActiveCfg = Debug|x86
		{42A8D0CA-B195-4FAF-8629-810E3ABE596C}.AppStore|x86.Build.0 = Debug|x86
		{42A8D0CA-B195-4FAF-8629-810E3ABE596C}.AppStore|x86.Deploy.0 = Debug|x86
		{42A8D0CA-B195-4FAF-8629-810E3ABE596C}.Debug|Any CPU.ActiveCfg = Debug|x86
		{42A8D0CA-B195-4FAF-8629-810E3ABE596C}.Debug|Any CPU.Build.0 = Debug|x86
		{42A8D0CA-B195-4FAF-8629-810E3ABE596C}.Debug|Any CPU.Deploy.0 = Debug|x86
		{42A8D0CA-B195-4FAF-8629-810E3ABE596C}.Debug|ARM.ActiveCfg = Debug|ARM
		{42A8D0CA-B195-4FAF-8629-810E3ABE596C}.Debug|ARM.Build.0 = Debug|ARM
		{42A8D0CA-B195-4FAF-8629-810E3ABE596C}.Debug|ARM.Deploy.0 = Debug|ARM
		{42A8D0CA-B195-4FAF-8629-810E3ABE596C}.Debug|ARM64.ActiveCfg = Debug|ARM64
		{42A8D0CA-B195-4FAF-8629-810E3ABE596C}.Debug|ARM64.Build.0 = Debug|ARM64
		{42A8D0CA-B195-4FAF-8629-810E3ABE596C}.Debug|ARM64.Deploy.0 = Debug|ARM64
		{42A8D0CA-B195-4FAF-8629-810E3ABE596C}.Debug|iPhone.ActiveCfg = Debug|x86
		{42A8D0CA-B195-4FAF-8629-810E3ABE596C}.Debug|iPhoneSimulator.ActiveCfg = Debug|x86
		{42A8D0CA-B195-4FAF-8629-810E3ABE596C}.Debug|x64.ActiveCfg = Debug|x64
		{42A8D0CA-B195-4FAF-8629-810E3ABE596C}.Debug|x64.Build.0 = Debug|x64
		{42A8D0CA-B195-4FAF-8629-810E3ABE596C}.Debug|x64.Deploy.0 = Debug|x64
		{42A8D0CA-B195-4FAF-8629-810E3ABE596C}.Debug|x86.ActiveCfg = Debug|x86
		{42A8D0CA-B195-4FAF-8629-810E3ABE596C}.Debug|x86.Build.0 = Debug|x86
		{42A8D0CA-B195-4FAF-8629-810E3ABE596C}.Debug|x86.Deploy.0 = Debug|x86
		{42A8D0CA-B195-4FAF-8629-810E3ABE596C}.Release|Any CPU.ActiveCfg = Release|x86
		{42A8D0CA-B195-4FAF-8629-810E3ABE596C}.Release|ARM.ActiveCfg = Release|ARM
		{42A8D0CA-B195-4FAF-8629-810E3ABE596C}.Release|ARM.Build.0 = Release|ARM
		{42A8D0CA-B195-4FAF-8629-810E3ABE596C}.Release|ARM.Deploy.0 = Release|ARM
		{42A8D0CA-B195-4FAF-8629-810E3ABE596C}.Release|ARM64.ActiveCfg = Release|ARM64
		{42A8D0CA-B195-4FAF-8629-810E3ABE596C}.Release|ARM64.Build.0 = Release|ARM64
		{42A8D0CA-B195-4FAF-8629-810E3ABE596C}.Release|ARM64.Deploy.0 = Release|ARM64
		{42A8D0CA-B195-4FAF-8629-810E3ABE596C}.Release|iPhone.ActiveCfg = Release|x86
		{42A8D0CA-B195-4FAF-8629-810E3ABE596C}.Release|iPhoneSimulator.ActiveCfg = Release|x86
		{42A8D0CA-B195-4FAF-8629-810E3ABE596C}.Release|x64.ActiveCfg = Release|x64
		{42A8D0CA-B195-4FAF-8629-810E3ABE596C}.Release|x64.Build.0 = Release|x64
		{42A8D0CA-B195-4FAF-8629-810E3ABE596C}.Release|x64.Deploy.0 = Release|x64
		{42A8D0CA-B195-4FAF-8629-810E3ABE596C}.Release|x86.ActiveCfg = Release|x86
		{42A8D0CA-B195-4FAF-8629-810E3ABE596C}.Release|x86.Build.0 = Release|x86
		{42A8D0CA-B195-4FAF-8629-810E3ABE596C}.Release|x86.Deploy.0 = Release|x86
		{5D4D7472-BAAC-425A-8908-B0328CF79A32}.Ad-Hoc|Any CPU.ActiveCfg = Debug|Any CPU
		{5D4D7472-BAAC-425A-8908-B0328CF79A32}.Ad-Hoc|Any CPU.Build.0 = Debug|Any CPU
		{5D4D7472-BAAC-425A-8908-B0328CF79A32}.Ad-Hoc|ARM.ActiveCfg = Debug|Any CPU
		{5D4D7472-BAAC-425A-8908-B0328CF79A32}.Ad-Hoc|ARM.Build.0 = Debug|Any CPU
		{5D4D7472-BAAC-425A-8908-B0328CF79A32}.Ad-Hoc|ARM64.ActiveCfg = Debug|Any CPU
		{5D4D7472-BAAC-425A-8908-B0328CF79A32}.Ad-Hoc|ARM64.Build.0 = Debug|Any CPU
		{5D4D7472-BAAC-425A-8908-B0328CF79A32}.Ad-Hoc|iPhone.ActiveCfg = Debug|Any CPU
		{5D4D7472-BAAC-425A-8908-B0328CF79A32}.Ad-Hoc|iPhone.Build.0 = Debug|Any CPU
		{5D4D7472-BAAC-425A-8908-B0328CF79A32}.Ad-Hoc|iPhoneSimulator.ActiveCfg = Debug|Any CPU
		{5D4D7472-BAAC-425A-8908-B0328CF79A32}.Ad-Hoc|iPhoneSimulator.Build.0 = Debug|Any CPU
		{5D4D7472-BAAC-425A-8908-B0328CF79A32}.Ad-Hoc|x64.ActiveCfg = Debug|Any CPU
		{5D4D7472-BAAC-425A-8908-B0328CF79A32}.Ad-Hoc|x64.Build.0 = Debug|Any CPU
		{5D4D7472-BAAC-425A-8908-B0328CF79A32}.Ad-Hoc|x86.ActiveCfg = Debug|Any CPU
		{5D4D7472-BAAC-425A-8908-B0328CF79A32}.Ad-Hoc|x86.Build.0 = Debug|Any CPU
		{5D4D7472-BAAC-425A-8908-B0328CF79A32}.AppStore|Any CPU.ActiveCfg = Debug|Any CPU
		{5D4D7472-BAAC-425A-8908-B0328CF79A32}.AppStore|Any CPU.Build.0 = Debug|Any CPU
		{5D4D7472-BAAC-425A-8908-B0328CF79A32}.AppStore|ARM.ActiveCfg = Debug|Any CPU
		{5D4D7472-BAAC-425A-8908-B0328CF79A32}.AppStore|ARM.Build.0 = Debug|Any CPU
		{5D4D7472-BAAC-425A-8908-B0328CF79A32}.AppStore|ARM64.ActiveCfg = Debug|Any CPU
		{5D4D7472-BAAC-425A-8908-B0328CF79A32}.AppStore|ARM64.Build.0 = Debug|Any CPU
		{5D4D7472-BAAC-425A-8908-B0328CF79A32}.AppStore|iPhone.ActiveCfg = Debug|Any CPU
		{5D4D7472-BAAC-425A-8908-B0328CF79A32}.AppStore|iPhone.Build.0 = Debug|Any CPU
		{5D4D7472-BAAC-425A-8908-B0328CF79A32}.AppStore|iPhoneSimulator.ActiveCfg = Debug|Any CPU
		{5D4D7472-BAAC-425A-8908-B0328CF79A32}.AppStore|iPhoneSimulator.Build.0 = Debug|Any CPU
		{5D4D7472-BAAC-425A-8908-B0328CF79A32}.AppStore|x64.ActiveCfg = Debug|Any CPU
		{5D4D7472-BAAC-425A-8908-B0328CF79A32}.AppStore|x64.Build.0 = Debug|Any CPU
		{5D4D7472-BAAC-425A-8908-B0328CF79A32}.AppStore|x86.ActiveCfg = Debug|Any CPU
		{5D4D7472-BAAC-425A-8908-B0328CF79A32}.AppStore|x86.Build.0 = Debug|Any CPU
		{5D4D7472-BAAC-425A-8908-B0328CF79A32}.Debug|Any CPU.ActiveCfg = Debug|Any CPU
		{5D4D7472-BAAC-425A-8908-B0328CF79A32}.Debug|Any CPU.Build.0 = Debug|Any CPU
		{5D4D7472-BAAC-425A-8908-B0328CF79A32}.Debug|ARM.ActiveCfg = Debug|Any CPU
		{5D4D7472-BAAC-425A-8908-B0328CF79A32}.Debug|ARM.Build.0 = Debug|Any CPU
		{5D4D7472-BAAC-425A-8908-B0328CF79A32}.Debug|ARM64.ActiveCfg = Debug|Any CPU
		{5D4D7472-BAAC-425A-8908-B0328CF79A32}.Debug|ARM64.Build.0 = Debug|Any CPU
		{5D4D7472-BAAC-425A-8908-B0328CF79A32}.Debug|iPhone.ActiveCfg = Debug|Any CPU
		{5D4D7472-BAAC-425A-8908-B0328CF79A32}.Debug|iPhone.Build.0 = Debug|Any CPU
		{5D4D7472-BAAC-425A-8908-B0328CF79A32}.Debug|iPhoneSimulator.ActiveCfg = Debug|Any CPU
		{5D4D7472-BAAC-425A-8908-B0328CF79A32}.Debug|iPhoneSimulator.Build.0 = Debug|Any CPU
		{5D4D7472-BAAC-425A-8908-B0328CF79A32}.Debug|x64.ActiveCfg = Debug|Any CPU
		{5D4D7472-BAAC-425A-8908-B0328CF79A32}.Debug|x64.Build.0 = Debug|Any CPU
		{5D4D7472-BAAC-425A-8908-B0328CF79A32}.Debug|x86.ActiveCfg = Debug|Any CPU
		{5D4D7472-BAAC-425A-8908-B0328CF79A32}.Debug|x86.Build.0 = Debug|Any CPU
		{5D4D7472-BAAC-425A-8908-B0328CF79A32}.Release|Any CPU.ActiveCfg = Release|Any CPU
		{5D4D7472-BAAC-425A-8908-B0328CF79A32}.Release|Any CPU.Build.0 = Release|Any CPU
		{5D4D7472-BAAC-425A-8908-B0328CF79A32}.Release|ARM.ActiveCfg = Release|Any CPU
		{5D4D7472-BAAC-425A-8908-B0328CF79A32}.Release|ARM.Build.0 = Release|Any CPU
		{5D4D7472-BAAC-425A-8908-B0328CF79A32}.Release|ARM64.ActiveCfg = Release|Any CPU
		{5D4D7472-BAAC-425A-8908-B0328CF79A32}.Release|ARM64.Build.0 = Release|Any CPU
		{5D4D7472-BAAC-425A-8908-B0328CF79A32}.Release|iPhone.ActiveCfg = Release|Any CPU
		{5D4D7472-BAAC-425A-8908-B0328CF79A32}.Release|iPhone.Build.0 = Release|Any CPU
		{5D4D7472-BAAC-425A-8908-B0328CF79A32}.Release|iPhoneSimulator.ActiveCfg = Release|Any CPU
		{5D4D7472-BAAC-425A-8908-B0328CF79A32}.Release|iPhoneSimulator.Build.0 = Release|Any CPU
		{5D4D7472-BAAC-425A-8908-B0328CF79A32}.Release|x64.ActiveCfg = Release|Any CPU
		{5D4D7472-BAAC-425A-8908-B0328CF79A32}.Release|x64.Build.0 = Release|Any CPU
		{5D4D7472-BAAC-425A-8908-B0328CF79A32}.Release|x86.ActiveCfg = Release|Any CPU
		{5D4D7472-BAAC-425A-8908-B0328CF79A32}.Release|x86.Build.0 = Release|Any CPU
		{4C511220-5146-433C-8344-3C0124FE6431}.Ad-Hoc|Any CPU.ActiveCfg = Debug|iPhoneSimulator
		{4C511220-5146-433C-8344-3C0124FE6431}.Ad-Hoc|Any CPU.Build.0 = Debug|iPhoneSimulator
		{4C511220-5146-433C-8344-3C0124FE6431}.Ad-Hoc|ARM.ActiveCfg = Debug|iPhoneSimulator
		{4C511220-5146-433C-8344-3C0124FE6431}.Ad-Hoc|ARM.Build.0 = Debug|iPhoneSimulator
		{4C511220-5146-433C-8344-3C0124FE6431}.Ad-Hoc|ARM64.ActiveCfg = Debug|iPhoneSimulator
		{4C511220-5146-433C-8344-3C0124FE6431}.Ad-Hoc|ARM64.Build.0 = Debug|iPhoneSimulator
		{4C511220-5146-433C-8344-3C0124FE6431}.Ad-Hoc|iPhone.ActiveCfg = Debug|iPhoneSimulator
		{4C511220-5146-433C-8344-3C0124FE6431}.Ad-Hoc|iPhone.Build.0 = Debug|iPhoneSimulator
		{4C511220-5146-433C-8344-3C0124FE6431}.Ad-Hoc|iPhoneSimulator.ActiveCfg = Debug|iPhoneSimulator
		{4C511220-5146-433C-8344-3C0124FE6431}.Ad-Hoc|iPhoneSimulator.Build.0 = Debug|iPhoneSimulator
		{4C511220-5146-433C-8344-3C0124FE6431}.Ad-Hoc|x64.ActiveCfg = Debug|iPhoneSimulator
		{4C511220-5146-433C-8344-3C0124FE6431}.Ad-Hoc|x64.Build.0 = Debug|iPhoneSimulator
		{4C511220-5146-433C-8344-3C0124FE6431}.Ad-Hoc|x86.ActiveCfg = Debug|iPhoneSimulator
		{4C511220-5146-433C-8344-3C0124FE6431}.Ad-Hoc|x86.Build.0 = Debug|iPhoneSimulator
		{4C511220-5146-433C-8344-3C0124FE6431}.AppStore|Any CPU.ActiveCfg = Debug|iPhoneSimulator
		{4C511220-5146-433C-8344-3C0124FE6431}.AppStore|Any CPU.Build.0 = Debug|iPhoneSimulator
		{4C511220-5146-433C-8344-3C0124FE6431}.AppStore|ARM.ActiveCfg = Debug|iPhoneSimulator
		{4C511220-5146-433C-8344-3C0124FE6431}.AppStore|ARM.Build.0 = Debug|iPhoneSimulator
		{4C511220-5146-433C-8344-3C0124FE6431}.AppStore|ARM64.ActiveCfg = Debug|iPhoneSimulator
		{4C511220-5146-433C-8344-3C0124FE6431}.AppStore|ARM64.Build.0 = Debug|iPhoneSimulator
		{4C511220-5146-433C-8344-3C0124FE6431}.AppStore|iPhone.ActiveCfg = Debug|iPhoneSimulator
		{4C511220-5146-433C-8344-3C0124FE6431}.AppStore|iPhone.Build.0 = Debug|iPhoneSimulator
		{4C511220-5146-433C-8344-3C0124FE6431}.AppStore|iPhoneSimulator.ActiveCfg = Debug|iPhoneSimulator
		{4C511220-5146-433C-8344-3C0124FE6431}.AppStore|iPhoneSimulator.Build.0 = Debug|iPhoneSimulator
		{4C511220-5146-433C-8344-3C0124FE6431}.AppStore|x64.ActiveCfg = Debug|iPhoneSimulator
		{4C511220-5146-433C-8344-3C0124FE6431}.AppStore|x64.Build.0 = Debug|iPhoneSimulator
		{4C511220-5146-433C-8344-3C0124FE6431}.AppStore|x86.ActiveCfg = Debug|iPhoneSimulator
		{4C511220-5146-433C-8344-3C0124FE6431}.AppStore|x86.Build.0 = Debug|iPhoneSimulator
		{4C511220-5146-433C-8344-3C0124FE6431}.Debug|Any CPU.ActiveCfg = Debug|iPhoneSimulator
		{4C511220-5146-433C-8344-3C0124FE6431}.Debug|ARM.ActiveCfg = Debug|iPhoneSimulator
		{4C511220-5146-433C-8344-3C0124FE6431}.Debug|ARM64.ActiveCfg = Debug|iPhoneSimulator
		{4C511220-5146-433C-8344-3C0124FE6431}.Debug|iPhone.ActiveCfg = Debug|iPhoneSimulator
		{4C511220-5146-433C-8344-3C0124FE6431}.Debug|iPhoneSimulator.ActiveCfg = Debug|iPhoneSimulator
		{4C511220-5146-433C-8344-3C0124FE6431}.Debug|iPhoneSimulator.Build.0 = Debug|iPhoneSimulator
		{4C511220-5146-433C-8344-3C0124FE6431}.Debug|x64.ActiveCfg = Debug|iPhoneSimulator
		{4C511220-5146-433C-8344-3C0124FE6431}.Debug|x86.ActiveCfg = Debug|iPhoneSimulator
		{4C511220-5146-433C-8344-3C0124FE6431}.Release|Any CPU.ActiveCfg = Release|iPhoneSimulator
		{4C511220-5146-433C-8344-3C0124FE6431}.Release|ARM.ActiveCfg = Release|iPhoneSimulator
		{4C511220-5146-433C-8344-3C0124FE6431}.Release|ARM64.ActiveCfg = Release|iPhoneSimulator
		{4C511220-5146-433C-8344-3C0124FE6431}.Release|iPhone.ActiveCfg = Release|iPhoneSimulator
		{4C511220-5146-433C-8344-3C0124FE6431}.Release|iPhoneSimulator.ActiveCfg = Release|iPhoneSimulator
		{4C511220-5146-433C-8344-3C0124FE6431}.Release|iPhoneSimulator.Build.0 = Release|iPhoneSimulator
		{4C511220-5146-433C-8344-3C0124FE6431}.Release|x64.ActiveCfg = Release|iPhoneSimulator
		{4C511220-5146-433C-8344-3C0124FE6431}.Release|x86.ActiveCfg = Release|iPhoneSimulator
		{7650FE96-55B9-4500-8FAE-A52FD9051B0D}.Ad-Hoc|Any CPU.ActiveCfg = Debug|Any CPU
		{7650FE96-55B9-4500-8FAE-A52FD9051B0D}.Ad-Hoc|Any CPU.Build.0 = Debug|Any CPU
		{7650FE96-55B9-4500-8FAE-A52FD9051B0D}.Ad-Hoc|ARM.ActiveCfg = Debug|Any CPU
		{7650FE96-55B9-4500-8FAE-A52FD9051B0D}.Ad-Hoc|ARM.Build.0 = Debug|Any CPU
		{7650FE96-55B9-4500-8FAE-A52FD9051B0D}.Ad-Hoc|ARM64.ActiveCfg = Debug|Any CPU
		{7650FE96-55B9-4500-8FAE-A52FD9051B0D}.Ad-Hoc|ARM64.Build.0 = Debug|Any CPU
		{7650FE96-55B9-4500-8FAE-A52FD9051B0D}.Ad-Hoc|iPhone.ActiveCfg = Debug|Any CPU
		{7650FE96-55B9-4500-8FAE-A52FD9051B0D}.Ad-Hoc|iPhone.Build.0 = Debug|Any CPU
		{7650FE96-55B9-4500-8FAE-A52FD9051B0D}.Ad-Hoc|iPhoneSimulator.ActiveCfg = Debug|Any CPU
		{7650FE96-55B9-4500-8FAE-A52FD9051B0D}.Ad-Hoc|iPhoneSimulator.Build.0 = Debug|Any CPU
		{7650FE96-55B9-4500-8FAE-A52FD9051B0D}.Ad-Hoc|x64.ActiveCfg = Debug|Any CPU
		{7650FE96-55B9-4500-8FAE-A52FD9051B0D}.Ad-Hoc|x64.Build.0 = Debug|Any CPU
		{7650FE96-55B9-4500-8FAE-A52FD9051B0D}.Ad-Hoc|x86.ActiveCfg = Debug|Any CPU
		{7650FE96-55B9-4500-8FAE-A52FD9051B0D}.Ad-Hoc|x86.Build.0 = Debug|Any CPU
		{7650FE96-55B9-4500-8FAE-A52FD9051B0D}.AppStore|Any CPU.ActiveCfg = Debug|Any CPU
		{7650FE96-55B9-4500-8FAE-A52FD9051B0D}.AppStore|Any CPU.Build.0 = Debug|Any CPU
		{7650FE96-55B9-4500-8FAE-A52FD9051B0D}.AppStore|ARM.ActiveCfg = Debug|Any CPU
		{7650FE96-55B9-4500-8FAE-A52FD9051B0D}.AppStore|ARM.Build.0 = Debug|Any CPU
		{7650FE96-55B9-4500-8FAE-A52FD9051B0D}.AppStore|ARM64.ActiveCfg = Debug|Any CPU
		{7650FE96-55B9-4500-8FAE-A52FD9051B0D}.AppStore|ARM64.Build.0 = Debug|Any CPU
		{7650FE96-55B9-4500-8FAE-A52FD9051B0D}.AppStore|iPhone.ActiveCfg = Debug|Any CPU
		{7650FE96-55B9-4500-8FAE-A52FD9051B0D}.AppStore|iPhone.Build.0 = Debug|Any CPU
		{7650FE96-55B9-4500-8FAE-A52FD9051B0D}.AppStore|iPhoneSimulator.ActiveCfg = Debug|Any CPU
		{7650FE96-55B9-4500-8FAE-A52FD9051B0D}.AppStore|iPhoneSimulator.Build.0 = Debug|Any CPU
		{7650FE96-55B9-4500-8FAE-A52FD9051B0D}.AppStore|x64.ActiveCfg = Debug|Any CPU
		{7650FE96-55B9-4500-8FAE-A52FD9051B0D}.AppStore|x64.Build.0 = Debug|Any CPU
		{7650FE96-55B9-4500-8FAE-A52FD9051B0D}.AppStore|x86.ActiveCfg = Debug|Any CPU
		{7650FE96-55B9-4500-8FAE-A52FD9051B0D}.AppStore|x86.Build.0 = Debug|Any CPU
		{7650FE96-55B9-4500-8FAE-A52FD9051B0D}.Debug|Any CPU.ActiveCfg = Debug|Any CPU
		{7650FE96-55B9-4500-8FAE-A52FD9051B0D}.Debug|Any CPU.Build.0 = Debug|Any CPU
		{7650FE96-55B9-4500-8FAE-A52FD9051B0D}.Debug|ARM.ActiveCfg = Debug|Any CPU
		{7650FE96-55B9-4500-8FAE-A52FD9051B0D}.Debug|ARM.Build.0 = Debug|Any CPU
		{7650FE96-55B9-4500-8FAE-A52FD9051B0D}.Debug|ARM64.ActiveCfg = Debug|Any CPU
		{7650FE96-55B9-4500-8FAE-A52FD9051B0D}.Debug|ARM64.Build.0 = Debug|Any CPU
		{7650FE96-55B9-4500-8FAE-A52FD9051B0D}.Debug|iPhone.ActiveCfg = Debug|Any CPU
		{7650FE96-55B9-4500-8FAE-A52FD9051B0D}.Debug|iPhone.Build.0 = Debug|Any CPU
		{7650FE96-55B9-4500-8FAE-A52FD9051B0D}.Debug|iPhoneSimulator.ActiveCfg = Debug|Any CPU
		{7650FE96-55B9-4500-8FAE-A52FD9051B0D}.Debug|iPhoneSimulator.Build.0 = Debug|Any CPU
		{7650FE96-55B9-4500-8FAE-A52FD9051B0D}.Debug|x64.ActiveCfg = Debug|Any CPU
		{7650FE96-55B9-4500-8FAE-A52FD9051B0D}.Debug|x64.Build.0 = Debug|Any CPU
		{7650FE96-55B9-4500-8FAE-A52FD9051B0D}.Debug|x86.ActiveCfg = Debug|Any CPU
		{7650FE96-55B9-4500-8FAE-A52FD9051B0D}.Debug|x86.Build.0 = Debug|Any CPU
		{7650FE96-55B9-4500-8FAE-A52FD9051B0D}.Release|Any CPU.ActiveCfg = Release|Any CPU
		{7650FE96-55B9-4500-8FAE-A52FD9051B0D}.Release|Any CPU.Build.0 = Release|Any CPU
		{7650FE96-55B9-4500-8FAE-A52FD9051B0D}.Release|ARM.ActiveCfg = Release|Any CPU
		{7650FE96-55B9-4500-8FAE-A52FD9051B0D}.Release|ARM.Build.0 = Release|Any CPU
		{7650FE96-55B9-4500-8FAE-A52FD9051B0D}.Release|ARM64.ActiveCfg = Release|Any CPU
		{7650FE96-55B9-4500-8FAE-A52FD9051B0D}.Release|ARM64.Build.0 = Release|Any CPU
		{7650FE96-55B9-4500-8FAE-A52FD9051B0D}.Release|iPhone.ActiveCfg = Release|Any CPU
		{7650FE96-55B9-4500-8FAE-A52FD9051B0D}.Release|iPhone.Build.0 = Release|Any CPU
		{7650FE96-55B9-4500-8FAE-A52FD9051B0D}.Release|iPhoneSimulator.ActiveCfg = Release|Any CPU
		{7650FE96-55B9-4500-8FAE-A52FD9051B0D}.Release|iPhoneSimulator.Build.0 = Release|Any CPU
		{7650FE96-55B9-4500-8FAE-A52FD9051B0D}.Release|x64.ActiveCfg = Release|Any CPU
		{7650FE96-55B9-4500-8FAE-A52FD9051B0D}.Release|x64.Build.0 = Release|Any CPU
		{7650FE96-55B9-4500-8FAE-A52FD9051B0D}.Release|x86.ActiveCfg = Release|Any CPU
		{7650FE96-55B9-4500-8FAE-A52FD9051B0D}.Release|x86.Build.0 = Release|Any CPU
		{06A2A19D-FF02-412F-B2A3-95C668AABE5E}.Ad-Hoc|Any CPU.ActiveCfg = Debug|Any CPU
		{06A2A19D-FF02-412F-B2A3-95C668AABE5E}.Ad-Hoc|Any CPU.Build.0 = Debug|Any CPU
		{06A2A19D-FF02-412F-B2A3-95C668AABE5E}.Ad-Hoc|ARM.ActiveCfg = Debug|Any CPU
		{06A2A19D-FF02-412F-B2A3-95C668AABE5E}.Ad-Hoc|ARM.Build.0 = Debug|Any CPU
		{06A2A19D-FF02-412F-B2A3-95C668AABE5E}.Ad-Hoc|ARM64.ActiveCfg = Debug|Any CPU
		{06A2A19D-FF02-412F-B2A3-95C668AABE5E}.Ad-Hoc|ARM64.Build.0 = Debug|Any CPU
		{06A2A19D-FF02-412F-B2A3-95C668AABE5E}.Ad-Hoc|iPhone.ActiveCfg = Debug|Any CPU
		{06A2A19D-FF02-412F-B2A3-95C668AABE5E}.Ad-Hoc|iPhone.Build.0 = Debug|Any CPU
		{06A2A19D-FF02-412F-B2A3-95C668AABE5E}.Ad-Hoc|iPhoneSimulator.ActiveCfg = Debug|Any CPU
		{06A2A19D-FF02-412F-B2A3-95C668AABE5E}.Ad-Hoc|iPhoneSimulator.Build.0 = Debug|Any CPU
		{06A2A19D-FF02-412F-B2A3-95C668AABE5E}.Ad-Hoc|x64.ActiveCfg = Debug|Any CPU
		{06A2A19D-FF02-412F-B2A3-95C668AABE5E}.Ad-Hoc|x64.Build.0 = Debug|Any CPU
		{06A2A19D-FF02-412F-B2A3-95C668AABE5E}.Ad-Hoc|x86.ActiveCfg = Debug|Any CPU
		{06A2A19D-FF02-412F-B2A3-95C668AABE5E}.Ad-Hoc|x86.Build.0 = Debug|Any CPU
		{06A2A19D-FF02-412F-B2A3-95C668AABE5E}.AppStore|Any CPU.ActiveCfg = Debug|Any CPU
		{06A2A19D-FF02-412F-B2A3-95C668AABE5E}.AppStore|Any CPU.Build.0 = Debug|Any CPU
		{06A2A19D-FF02-412F-B2A3-95C668AABE5E}.AppStore|ARM.ActiveCfg = Debug|Any CPU
		{06A2A19D-FF02-412F-B2A3-95C668AABE5E}.AppStore|ARM.Build.0 = Debug|Any CPU
		{06A2A19D-FF02-412F-B2A3-95C668AABE5E}.AppStore|ARM64.ActiveCfg = Debug|Any CPU
		{06A2A19D-FF02-412F-B2A3-95C668AABE5E}.AppStore|ARM64.Build.0 = Debug|Any CPU
		{06A2A19D-FF02-412F-B2A3-95C668AABE5E}.AppStore|iPhone.ActiveCfg = Debug|Any CPU
		{06A2A19D-FF02-412F-B2A3-95C668AABE5E}.AppStore|iPhone.Build.0 = Debug|Any CPU
		{06A2A19D-FF02-412F-B2A3-95C668AABE5E}.AppStore|iPhoneSimulator.ActiveCfg = Debug|Any CPU
		{06A2A19D-FF02-412F-B2A3-95C668AABE5E}.AppStore|iPhoneSimulator.Build.0 = Debug|Any CPU
		{06A2A19D-FF02-412F-B2A3-95C668AABE5E}.AppStore|x64.ActiveCfg = Debug|Any CPU
		{06A2A19D-FF02-412F-B2A3-95C668AABE5E}.AppStore|x64.Build.0 = Debug|Any CPU
		{06A2A19D-FF02-412F-B2A3-95C668AABE5E}.AppStore|x86.ActiveCfg = Debug|Any CPU
		{06A2A19D-FF02-412F-B2A3-95C668AABE5E}.AppStore|x86.Build.0 = Debug|Any CPU
		{06A2A19D-FF02-412F-B2A3-95C668AABE5E}.Debug|Any CPU.ActiveCfg = Debug|Any CPU
		{06A2A19D-FF02-412F-B2A3-95C668AABE5E}.Debug|Any CPU.Build.0 = Debug|Any CPU
		{06A2A19D-FF02-412F-B2A3-95C668AABE5E}.Debug|ARM.ActiveCfg = Debug|Any CPU
		{06A2A19D-FF02-412F-B2A3-95C668AABE5E}.Debug|ARM.Build.0 = Debug|Any CPU
		{06A2A19D-FF02-412F-B2A3-95C668AABE5E}.Debug|ARM64.ActiveCfg = Debug|Any CPU
		{06A2A19D-FF02-412F-B2A3-95C668AABE5E}.Debug|ARM64.Build.0 = Debug|Any CPU
		{06A2A19D-FF02-412F-B2A3-95C668AABE5E}.Debug|iPhone.ActiveCfg = Debug|Any CPU
		{06A2A19D-FF02-412F-B2A3-95C668AABE5E}.Debug|iPhone.Build.0 = Debug|Any CPU
		{06A2A19D-FF02-412F-B2A3-95C668AABE5E}.Debug|iPhoneSimulator.ActiveCfg = Debug|Any CPU
		{06A2A19D-FF02-412F-B2A3-95C668AABE5E}.Debug|iPhoneSimulator.Build.0 = Debug|Any CPU
		{06A2A19D-FF02-412F-B2A3-95C668AABE5E}.Debug|x64.ActiveCfg = Debug|Any CPU
		{06A2A19D-FF02-412F-B2A3-95C668AABE5E}.Debug|x64.Build.0 = Debug|Any CPU
		{06A2A19D-FF02-412F-B2A3-95C668AABE5E}.Debug|x86.ActiveCfg = Debug|Any CPU
		{06A2A19D-FF02-412F-B2A3-95C668AABE5E}.Debug|x86.Build.0 = Debug|Any CPU
		{06A2A19D-FF02-412F-B2A3-95C668AABE5E}.Release|Any CPU.ActiveCfg = Release|Any CPU
		{06A2A19D-FF02-412F-B2A3-95C668AABE5E}.Release|Any CPU.Build.0 = Release|Any CPU
		{06A2A19D-FF02-412F-B2A3-95C668AABE5E}.Release|ARM.ActiveCfg = Release|Any CPU
		{06A2A19D-FF02-412F-B2A3-95C668AABE5E}.Release|ARM.Build.0 = Release|Any CPU
		{06A2A19D-FF02-412F-B2A3-95C668AABE5E}.Release|ARM64.ActiveCfg = Release|Any CPU
		{06A2A19D-FF02-412F-B2A3-95C668AABE5E}.Release|ARM64.Build.0 = Release|Any CPU
		{06A2A19D-FF02-412F-B2A3-95C668AABE5E}.Release|iPhone.ActiveCfg = Release|Any CPU
		{06A2A19D-FF02-412F-B2A3-95C668AABE5E}.Release|iPhone.Build.0 = Release|Any CPU
		{06A2A19D-FF02-412F-B2A3-95C668AABE5E}.Release|iPhoneSimulator.ActiveCfg = Release|Any CPU
		{06A2A19D-FF02-412F-B2A3-95C668AABE5E}.Release|iPhoneSimulator.Build.0 = Release|Any CPU
		{06A2A19D-FF02-412F-B2A3-95C668AABE5E}.Release|x64.ActiveCfg = Release|Any CPU
		{06A2A19D-FF02-412F-B2A3-95C668AABE5E}.Release|x64.Build.0 = Release|Any CPU
		{06A2A19D-FF02-412F-B2A3-95C668AABE5E}.Release|x86.ActiveCfg = Release|Any CPU
		{06A2A19D-FF02-412F-B2A3-95C668AABE5E}.Release|x86.Build.0 = Release|Any CPU
		{644C1553-CE1A-468A-9EA9-D0A7F503D8BD}.Ad-Hoc|Any CPU.ActiveCfg = Debug|Any CPU
		{644C1553-CE1A-468A-9EA9-D0A7F503D8BD}.Ad-Hoc|Any CPU.Build.0 = Debug|Any CPU
		{644C1553-CE1A-468A-9EA9-D0A7F503D8BD}.Ad-Hoc|ARM.ActiveCfg = Debug|Any CPU
		{644C1553-CE1A-468A-9EA9-D0A7F503D8BD}.Ad-Hoc|ARM.Build.0 = Debug|Any CPU
		{644C1553-CE1A-468A-9EA9-D0A7F503D8BD}.Ad-Hoc|ARM64.ActiveCfg = Debug|Any CPU
		{644C1553-CE1A-468A-9EA9-D0A7F503D8BD}.Ad-Hoc|ARM64.Build.0 = Debug|Any CPU
		{644C1553-CE1A-468A-9EA9-D0A7F503D8BD}.Ad-Hoc|iPhone.ActiveCfg = Debug|Any CPU
		{644C1553-CE1A-468A-9EA9-D0A7F503D8BD}.Ad-Hoc|iPhone.Build.0 = Debug|Any CPU
		{644C1553-CE1A-468A-9EA9-D0A7F503D8BD}.Ad-Hoc|iPhoneSimulator.ActiveCfg = Debug|Any CPU
		{644C1553-CE1A-468A-9EA9-D0A7F503D8BD}.Ad-Hoc|iPhoneSimulator.Build.0 = Debug|Any CPU
		{644C1553-CE1A-468A-9EA9-D0A7F503D8BD}.Ad-Hoc|x64.ActiveCfg = Debug|Any CPU
		{644C1553-CE1A-468A-9EA9-D0A7F503D8BD}.Ad-Hoc|x64.Build.0 = Debug|Any CPU
		{644C1553-CE1A-468A-9EA9-D0A7F503D8BD}.Ad-Hoc|x86.ActiveCfg = Debug|Any CPU
		{644C1553-CE1A-468A-9EA9-D0A7F503D8BD}.Ad-Hoc|x86.Build.0 = Debug|Any CPU
		{644C1553-CE1A-468A-9EA9-D0A7F503D8BD}.AppStore|Any CPU.ActiveCfg = Debug|Any CPU
		{644C1553-CE1A-468A-9EA9-D0A7F503D8BD}.AppStore|Any CPU.Build.0 = Debug|Any CPU
		{644C1553-CE1A-468A-9EA9-D0A7F503D8BD}.AppStore|ARM.ActiveCfg = Debug|Any CPU
		{644C1553-CE1A-468A-9EA9-D0A7F503D8BD}.AppStore|ARM.Build.0 = Debug|Any CPU
		{644C1553-CE1A-468A-9EA9-D0A7F503D8BD}.AppStore|ARM64.ActiveCfg = Debug|Any CPU
		{644C1553-CE1A-468A-9EA9-D0A7F503D8BD}.AppStore|ARM64.Build.0 = Debug|Any CPU
		{644C1553-CE1A-468A-9EA9-D0A7F503D8BD}.AppStore|iPhone.ActiveCfg = Debug|Any CPU
		{644C1553-CE1A-468A-9EA9-D0A7F503D8BD}.AppStore|iPhone.Build.0 = Debug|Any CPU
		{644C1553-CE1A-468A-9EA9-D0A7F503D8BD}.AppStore|iPhoneSimulator.ActiveCfg = Debug|Any CPU
		{644C1553-CE1A-468A-9EA9-D0A7F503D8BD}.AppStore|iPhoneSimulator.Build.0 = Debug|Any CPU
		{644C1553-CE1A-468A-9EA9-D0A7F503D8BD}.AppStore|x64.ActiveCfg = Debug|Any CPU
		{644C1553-CE1A-468A-9EA9-D0A7F503D8BD}.AppStore|x64.Build.0 = Debug|Any CPU
		{644C1553-CE1A-468A-9EA9-D0A7F503D8BD}.AppStore|x86.ActiveCfg = Debug|Any CPU
		{644C1553-CE1A-468A-9EA9-D0A7F503D8BD}.AppStore|x86.Build.0 = Debug|Any CPU
		{644C1553-CE1A-468A-9EA9-D0A7F503D8BD}.Debug|Any CPU.ActiveCfg = Debug|Any CPU
		{644C1553-CE1A-468A-9EA9-D0A7F503D8BD}.Debug|Any CPU.Build.0 = Debug|Any CPU
		{644C1553-CE1A-468A-9EA9-D0A7F503D8BD}.Debug|ARM.ActiveCfg = Debug|Any CPU
		{644C1553-CE1A-468A-9EA9-D0A7F503D8BD}.Debug|ARM.Build.0 = Debug|Any CPU
		{644C1553-CE1A-468A-9EA9-D0A7F503D8BD}.Debug|ARM64.ActiveCfg = Debug|Any CPU
		{644C1553-CE1A-468A-9EA9-D0A7F503D8BD}.Debug|ARM64.Build.0 = Debug|Any CPU
		{644C1553-CE1A-468A-9EA9-D0A7F503D8BD}.Debug|iPhone.ActiveCfg = Debug|Any CPU
		{644C1553-CE1A-468A-9EA9-D0A7F503D8BD}.Debug|iPhone.Build.0 = Debug|Any CPU
		{644C1553-CE1A-468A-9EA9-D0A7F503D8BD}.Debug|iPhoneSimulator.ActiveCfg = Debug|Any CPU
		{644C1553-CE1A-468A-9EA9-D0A7F503D8BD}.Debug|iPhoneSimulator.Build.0 = Debug|Any CPU
		{644C1553-CE1A-468A-9EA9-D0A7F503D8BD}.Debug|x64.ActiveCfg = Debug|Any CPU
		{644C1553-CE1A-468A-9EA9-D0A7F503D8BD}.Debug|x64.Build.0 = Debug|Any CPU
		{644C1553-CE1A-468A-9EA9-D0A7F503D8BD}.Debug|x86.ActiveCfg = Debug|Any CPU
		{644C1553-CE1A-468A-9EA9-D0A7F503D8BD}.Debug|x86.Build.0 = Debug|Any CPU
		{644C1553-CE1A-468A-9EA9-D0A7F503D8BD}.Release|Any CPU.ActiveCfg = Release|Any CPU
		{644C1553-CE1A-468A-9EA9-D0A7F503D8BD}.Release|Any CPU.Build.0 = Release|Any CPU
		{644C1553-CE1A-468A-9EA9-D0A7F503D8BD}.Release|ARM.ActiveCfg = Release|Any CPU
		{644C1553-CE1A-468A-9EA9-D0A7F503D8BD}.Release|ARM.Build.0 = Release|Any CPU
		{644C1553-CE1A-468A-9EA9-D0A7F503D8BD}.Release|ARM64.ActiveCfg = Release|Any CPU
		{644C1553-CE1A-468A-9EA9-D0A7F503D8BD}.Release|ARM64.Build.0 = Release|Any CPU
		{644C1553-CE1A-468A-9EA9-D0A7F503D8BD}.Release|iPhone.ActiveCfg = Release|Any CPU
		{644C1553-CE1A-468A-9EA9-D0A7F503D8BD}.Release|iPhone.Build.0 = Release|Any CPU
		{644C1553-CE1A-468A-9EA9-D0A7F503D8BD}.Release|iPhoneSimulator.ActiveCfg = Release|Any CPU
		{644C1553-CE1A-468A-9EA9-D0A7F503D8BD}.Release|iPhoneSimulator.Build.0 = Release|Any CPU
		{644C1553-CE1A-468A-9EA9-D0A7F503D8BD}.Release|x64.ActiveCfg = Release|Any CPU
		{644C1553-CE1A-468A-9EA9-D0A7F503D8BD}.Release|x64.Build.0 = Release|Any CPU
		{644C1553-CE1A-468A-9EA9-D0A7F503D8BD}.Release|x86.ActiveCfg = Release|Any CPU
		{644C1553-CE1A-468A-9EA9-D0A7F503D8BD}.Release|x86.Build.0 = Release|Any CPU
		{9CA0A9DB-6D60-4369-93CD-A0D8E286414D}.Ad-Hoc|Any CPU.ActiveCfg = Debug|Any CPU
		{9CA0A9DB-6D60-4369-93CD-A0D8E286414D}.Ad-Hoc|Any CPU.Build.0 = Debug|Any CPU
		{9CA0A9DB-6D60-4369-93CD-A0D8E286414D}.Ad-Hoc|ARM.ActiveCfg = Debug|Any CPU
		{9CA0A9DB-6D60-4369-93CD-A0D8E286414D}.Ad-Hoc|ARM.Build.0 = Debug|Any CPU
		{9CA0A9DB-6D60-4369-93CD-A0D8E286414D}.Ad-Hoc|ARM64.ActiveCfg = Debug|Any CPU
		{9CA0A9DB-6D60-4369-93CD-A0D8E286414D}.Ad-Hoc|ARM64.Build.0 = Debug|Any CPU
		{9CA0A9DB-6D60-4369-93CD-A0D8E286414D}.Ad-Hoc|iPhone.ActiveCfg = Debug|Any CPU
		{9CA0A9DB-6D60-4369-93CD-A0D8E286414D}.Ad-Hoc|iPhone.Build.0 = Debug|Any CPU
		{9CA0A9DB-6D60-4369-93CD-A0D8E286414D}.Ad-Hoc|iPhoneSimulator.ActiveCfg = Debug|Any CPU
		{9CA0A9DB-6D60-4369-93CD-A0D8E286414D}.Ad-Hoc|iPhoneSimulator.Build.0 = Debug|Any CPU
		{9CA0A9DB-6D60-4369-93CD-A0D8E286414D}.Ad-Hoc|x64.ActiveCfg = Debug|Any CPU
		{9CA0A9DB-6D60-4369-93CD-A0D8E286414D}.Ad-Hoc|x64.Build.0 = Debug|Any CPU
		{9CA0A9DB-6D60-4369-93CD-A0D8E286414D}.Ad-Hoc|x86.ActiveCfg = Debug|Any CPU
		{9CA0A9DB-6D60-4369-93CD-A0D8E286414D}.Ad-Hoc|x86.Build.0 = Debug|Any CPU
		{9CA0A9DB-6D60-4369-93CD-A0D8E286414D}.AppStore|Any CPU.ActiveCfg = Debug|Any CPU
		{9CA0A9DB-6D60-4369-93CD-A0D8E286414D}.AppStore|Any CPU.Build.0 = Debug|Any CPU
		{9CA0A9DB-6D60-4369-93CD-A0D8E286414D}.AppStore|ARM.ActiveCfg = Debug|Any CPU
		{9CA0A9DB-6D60-4369-93CD-A0D8E286414D}.AppStore|ARM.Build.0 = Debug|Any CPU
		{9CA0A9DB-6D60-4369-93CD-A0D8E286414D}.AppStore|ARM64.ActiveCfg = Debug|Any CPU
		{9CA0A9DB-6D60-4369-93CD-A0D8E286414D}.AppStore|ARM64.Build.0 = Debug|Any CPU
		{9CA0A9DB-6D60-4369-93CD-A0D8E286414D}.AppStore|iPhone.ActiveCfg = Debug|Any CPU
		{9CA0A9DB-6D60-4369-93CD-A0D8E286414D}.AppStore|iPhone.Build.0 = Debug|Any CPU
		{9CA0A9DB-6D60-4369-93CD-A0D8E286414D}.AppStore|iPhoneSimulator.ActiveCfg = Debug|Any CPU
		{9CA0A9DB-6D60-4369-93CD-A0D8E286414D}.AppStore|iPhoneSimulator.Build.0 = Debug|Any CPU
		{9CA0A9DB-6D60-4369-93CD-A0D8E286414D}.AppStore|x64.ActiveCfg = Debug|Any CPU
		{9CA0A9DB-6D60-4369-93CD-A0D8E286414D}.AppStore|x64.Build.0 = Debug|Any CPU
		{9CA0A9DB-6D60-4369-93CD-A0D8E286414D}.AppStore|x86.ActiveCfg = Debug|Any CPU
		{9CA0A9DB-6D60-4369-93CD-A0D8E286414D}.AppStore|x86.Build.0 = Debug|Any CPU
		{9CA0A9DB-6D60-4369-93CD-A0D8E286414D}.Debug|Any CPU.ActiveCfg = Debug|Any CPU
		{9CA0A9DB-6D60-4369-93CD-A0D8E286414D}.Debug|Any CPU.Build.0 = Debug|Any CPU
		{9CA0A9DB-6D60-4369-93CD-A0D8E286414D}.Debug|ARM.ActiveCfg = Debug|Any CPU
		{9CA0A9DB-6D60-4369-93CD-A0D8E286414D}.Debug|ARM.Build.0 = Debug|Any CPU
		{9CA0A9DB-6D60-4369-93CD-A0D8E286414D}.Debug|ARM64.ActiveCfg = Debug|Any CPU
		{9CA0A9DB-6D60-4369-93CD-A0D8E286414D}.Debug|ARM64.Build.0 = Debug|Any CPU
		{9CA0A9DB-6D60-4369-93CD-A0D8E286414D}.Debug|iPhone.ActiveCfg = Debug|Any CPU
		{9CA0A9DB-6D60-4369-93CD-A0D8E286414D}.Debug|iPhone.Build.0 = Debug|Any CPU
		{9CA0A9DB-6D60-4369-93CD-A0D8E286414D}.Debug|iPhoneSimulator.ActiveCfg = Debug|Any CPU
		{9CA0A9DB-6D60-4369-93CD-A0D8E286414D}.Debug|iPhoneSimulator.Build.0 = Debug|Any CPU
		{9CA0A9DB-6D60-4369-93CD-A0D8E286414D}.Debug|x64.ActiveCfg = Debug|Any CPU
		{9CA0A9DB-6D60-4369-93CD-A0D8E286414D}.Debug|x64.Build.0 = Debug|Any CPU
		{9CA0A9DB-6D60-4369-93CD-A0D8E286414D}.Debug|x86.ActiveCfg = Debug|Any CPU
		{9CA0A9DB-6D60-4369-93CD-A0D8E286414D}.Debug|x86.Build.0 = Debug|Any CPU
		{9CA0A9DB-6D60-4369-93CD-A0D8E286414D}.Release|Any CPU.ActiveCfg = Release|Any CPU
		{9CA0A9DB-6D60-4369-93CD-A0D8E286414D}.Release|Any CPU.Build.0 = Release|Any CPU
		{9CA0A9DB-6D60-4369-93CD-A0D8E286414D}.Release|ARM.ActiveCfg = Release|Any CPU
		{9CA0A9DB-6D60-4369-93CD-A0D8E286414D}.Release|ARM.Build.0 = Release|Any CPU
		{9CA0A9DB-6D60-4369-93CD-A0D8E286414D}.Release|ARM64.ActiveCfg = Release|Any CPU
		{9CA0A9DB-6D60-4369-93CD-A0D8E286414D}.Release|ARM64.Build.0 = Release|Any CPU
		{9CA0A9DB-6D60-4369-93CD-A0D8E286414D}.Release|iPhone.ActiveCfg = Release|Any CPU
		{9CA0A9DB-6D60-4369-93CD-A0D8E286414D}.Release|iPhone.Build.0 = Release|Any CPU
		{9CA0A9DB-6D60-4369-93CD-A0D8E286414D}.Release|iPhoneSimulator.ActiveCfg = Release|Any CPU
		{9CA0A9DB-6D60-4369-93CD-A0D8E286414D}.Release|iPhoneSimulator.Build.0 = Release|Any CPU
		{9CA0A9DB-6D60-4369-93CD-A0D8E286414D}.Release|x64.ActiveCfg = Release|Any CPU
		{9CA0A9DB-6D60-4369-93CD-A0D8E286414D}.Release|x64.Build.0 = Release|Any CPU
		{9CA0A9DB-6D60-4369-93CD-A0D8E286414D}.Release|x86.ActiveCfg = Release|Any CPU
		{9CA0A9DB-6D60-4369-93CD-A0D8E286414D}.Release|x86.Build.0 = Release|Any CPU
	EndGlobalSection
	GlobalSection(SolutionProperties) = preSolution
		HideSolutionNode = FALSE
	EndGlobalSection
	GlobalSection(NestedProjects) = preSolution
		{32B859B5-A36C-44FE-B5B7-79D6B12A2C8C} = {DFC0FFC7-F0BE-42CF-810D-8477C713C108}
		{233FACD3-B386-479D-8657-11C5FB10040E} = {DFC0FFC7-F0BE-42CF-810D-8477C713C108}
		{42A8D0CA-B195-4FAF-8629-810E3ABE596C} = {DFC0FFC7-F0BE-42CF-810D-8477C713C108}
		{5D4D7472-BAAC-425A-8908-B0328CF79A32} = {DFC0FFC7-F0BE-42CF-810D-8477C713C108}
		{4C511220-5146-433C-8344-3C0124FE6431} = {DFC0FFC7-F0BE-42CF-810D-8477C713C108}
		{7650FE96-55B9-4500-8FAE-A52FD9051B0D} = {DFC0FFC7-F0BE-42CF-810D-8477C713C108}
		{06A2A19D-FF02-412F-B2A3-95C668AABE5E} = {DFC0FFC7-F0BE-42CF-810D-8477C713C108}
		{644C1553-CE1A-468A-9EA9-D0A7F503D8BD} = {DFC0FFC7-F0BE-42CF-810D-8477C713C108}
		{9CA0A9DB-6D60-4369-93CD-A0D8E286414D} = {DFC0FFC7-F0BE-42CF-810D-8477C713C108}
	EndGlobalSection
	GlobalSection(ExtensibilityGlobals) = postSolution
		SolutionGuid = {EBB4CAA7-D2A9-40BC-81D0-33FA7CE00EE7}
	EndGlobalSection
EndGlobal
